{
  "pins" : [
    {
      "identity" : "reflective-equality",
      "kind" : "remoteSourceControl",
      "location" : "https://github.com/drseg/reflective-equality",
      "state" : {
        "branch" : "main",
        "revision" : "0d6cb279206279cacf65fbc6f7b385b211b7b404"
      }
    }
  ],
  "version" : 2
}
